<?xml version="1.0" encoding="utf-8"?>
<Project ToolsVersion="4.0" xmlns="http://schemas.microsoft.com/developer/msbuild/2003">
  <ItemGroup>
    <Filter Include="源文件">
      <UniqueIdentifier>{4FC737F1-C7A5-4376-A066-2A32D752A2FF}</UniqueIdentifier>
      <Extensions>cpp;c;cc;cxx;c++;cppm;ixx;def;odl;idl;hpj;bat;asm;asmx</Extensions>
    </Filter>
    <Filter Include="头文件">
      <UniqueIdentifier>{93995380-89BD-4b04-88EB-625FBE52EBFB}</UniqueIdentifier>
      <Extensions>h;hh;hpp;hxx;h++;hm;inl;inc;ipp;xsd</Extensions>
    </Filter>
    <Filter Include="资源文件">
      <UniqueIdentifier>{67DA6AB6-F800-4c08-8B7A-83BB121AAD01}</UniqueIdentifier>
      <Extensions>rc;ico;cur;bmp;dlg;rc2;rct;bin;rgs;gif;jpg;jpeg;jpe;resx;tiff;tif;png;wav;mfcribbon-ms</Extensions>
    </Filter>
    <Filter Include="头文件\flatbuffers">
      <UniqueIdentifier>{5a05458e-dac0-46fe-add3-ec0384de67e3}</UniqueIdentifier>
    </Filter>
    <Filter Include="头文件\flatbuffers\pch">
      <UniqueIdentifier>{973fc0db-df28-4ebe-836d-daf660984c19}</UniqueIdentifier>
    </Filter>
  </ItemGroup>
  <ItemGroup>
    <ClInclude Include="framework.h">
      <Filter>头文件</Filter>
    </ClInclude>
    <ClInclude Include="pch.h">
      <Filter>头文件</Filter>
    </ClInclude>
    <ClInclude Include="flatbuffers\allocator.h">
      <Filter>头文件\flatbuffers</Filter>
    </ClInclude>
    <ClInclude Include="flatbuffers\array.h">
      <Filter>头文件\flatbuffers</Filter>
    </ClInclude>
    <ClInclude Include="flatbuffers\base.h">
      <Filter>头文件\flatbuffers</Filter>
    </ClInclude>
    <ClInclude Include="flatbuffers\buffer.h">
      <Filter>头文件\flatbuffers</Filter>
    </ClInclude>
    <ClInclude Include="flatbuffers\buffer_ref.h">
      <Filter>头文件\flatbuffers</Filter>
    </ClInclude>
    <ClInclude Include="flatbuffers\code_generator.h">
      <Filter>头文件\flatbuffers</Filter>
    </ClInclude>
    <ClInclude Include="flatbuffers\code_generators.h">
      <Filter>头文件\flatbuffers</Filter>
    </ClInclude>
    <ClInclude Include="flatbuffers\default_allocator.h">
      <Filter>头文件\flatbuffers</Filter>
    </ClInclude>
    <ClInclude Include="flatbuffers\detached_buffer.h">
      <Filter>头文件\flatbuffers</Filter>
    </ClInclude>
    <ClInclude Include="flatbuffers\file_manager.h">
      <Filter>头文件\flatbuffers</Filter>
    </ClInclude>
    <ClInclude Include="flatbuffers\flatbuffer_builder.h">
      <Filter>头文件\flatbuffers</Filter>
    </ClInclude>
    <ClInclude Include="flatbuffers\flatbuffers.h">
      <Filter>头文件\flatbuffers</Filter>
    </ClInclude>
    <ClInclude Include="flatbuffers\flatc.h">
      <Filter>头文件\flatbuffers</Filter>
    </ClInclude>
    <ClInclude Include="flatbuffers\flex_flat_util.h">
      <Filter>头文件\flatbuffers</Filter>
    </ClInclude>
    <ClInclude Include="flatbuffers\flexbuffers.h">
      <Filter>头文件\flatbuffers</Filter>
    </ClInclude>
    <ClInclude Include="flatbuffers\grpc.h">
      <Filter>头文件\flatbuffers</Filter>
    </ClInclude>
    <ClInclude Include="flatbuffers\hash.h">
      <Filter>头文件\flatbuffers</Filter>
    </ClInclude>
    <ClInclude Include="flatbuffers\idl.h">
      <Filter>头文件\flatbuffers</Filter>
    </ClInclude>
    <ClInclude Include="flatbuffers\minireflect.h">
      <Filter>头文件\flatbuffers</Filter>
    </ClInclude>
    <ClInclude Include="flatbuffers\reflection.h">
      <Filter>头文件\flatbuffers</Filter>
    </ClInclude>
    <ClInclude Include="flatbuffers\reflection_generated.h">
      <Filter>头文件\flatbuffers</Filter>
    </ClInclude>
    <ClInclude Include="flatbuffers\registry.h">
      <Filter>头文件\flatbuffers</Filter>
    </ClInclude>
    <ClInclude Include="flatbuffers\stl_emulation.h">
      <Filter>头文件\flatbuffers</Filter>
    </ClInclude>
    <ClInclude Include="flatbuffers\string.h">
      <Filter>头文件\flatbuffers</Filter>
    </ClInclude>
    <ClInclude Include="flatbuffers\struct.h">
      <Filter>头文件\flatbuffers</Filter>
    </ClInclude>
    <ClInclude Include="flatbuffers\table.h">
      <Filter>头文件\flatbuffers</Filter>
    </ClInclude>
    <ClInclude Include="flatbuffers\util.h">
      <Filter>头文件\flatbuffers</Filter>
    </ClInclude>
    <ClInclude Include="flatbuffers\vector.h">
      <Filter>头文件\flatbuffers</Filter>
    </ClInclude>
    <ClInclude Include="flatbuffers\vector_downward.h">
      <Filter>头文件\flatbuffers</Filter>
    </ClInclude>
    <ClInclude Include="flatbuffers\verifier.h">
      <Filter>头文件\flatbuffers</Filter>
    </ClInclude>
    <ClInclude Include="flatbuffers\pch\flatc_pch.h">
      <Filter>头文件\flatbuffers\pch</Filter>
    </ClInclude>
    <ClInclude Include="flatbuffers\pch\pch.h">
      <Filter>头文件\flatbuffers\pch</Filter>
    </ClInclude>
    <ClInclude Include="SaveSchema_generated.h">
      <Filter>头文件</Filter>
    </ClInclude>
    <ClInclude Include="fast_generated.h">
      <Filter>头文件</Filter>
    </ClInclude>
  </ItemGroup>
  <ItemGroup>
    <ClCompile Include="dllmain.cpp">
      <Filter>源文件</Filter>
    </ClCompile>
  </ItemGroup>
</Project>